
Microsoft Visual Studio Solution File, Format Version 12.00
# Visual Studio Version 17
VisualStudioVersion = 17.8.34309.116
MinimumVisualStudioVersion = 10.0.40219.1
Project("{FAE04EC0-301F-11D3-BF4B-00C04F79EFBC}") = "Project A&B", "Project A&B\Project A&B.csproj", "{E80AD4FD-7CDB-471C-A0AC-6353C130B3D4}"
EndProject
Global
	GlobalSection(SolutionConfigurationPlatforms) = preSolution
		Debug|Any CPU = Debug|Any CPU
		Release|Any CPU = Release|Any CPU
	EndGlobalSection
	GlobalSection(ProjectConfigurationPlatforms) = postSolution
		{E80AD4FD-7CDB-471C-A0AC-6353C130B3D4}.Debug|Any CPU.ActiveCfg = Debug|Any CPU
		{E80AD4FD-7CDB-471C-A0AC-6353C130B3D4}.Debug|Any CPU.Build.0 = Debug|Any CPU
		{E80AD4FD-7CDB-471C-A0AC-6353C130B3D4}.Release|Any CPU.ActiveCfg = Release|Any CPU
		{E80AD4FD-7CDB-471C-A0AC-6353C130B3D4}.Release|Any CPU.Build.0 = Release|Any CPU
	EndGlobalSection
	GlobalSection(SolutionProperties) = preSolution
		HideSolutionNode = FALSE
	EndGlobalSection
	GlobalSection(ExtensibilityGlobals) = postSolution
		SolutionGuid = {6BCC2080-783E-427B-A636-21310E675394}
	EndGlobalSection
EndGlobal
